// !$*UTF8*$!
{
	archiveVersion = 1;
	classes = {
	};
	objectVersion = 46;
	objects = {

/* Begin PBXBuildFile section */
		5CB321B816F81AADD2BD7BEF /* DataViewController.swift in Sources */ = {isa = PBXBuildFile; fileRef = 5CB32BB70646DFCFC1F6713C /* DataViewController.swift */; };
		5CB324ADE68586EB5B004338 /* Main.storyboard in Resources */ = {isa = PBXBuildFile; fileRef = 5CB32AB4279CCD80E872251F /* Main.storyboard */; };
		5CB3254475692437CA4350AD /* AppDelegate.swift in Sources */ = {isa = PBXBuildFile; fileRef = 5CB322E76546ABB00F66974C /* AppDelegate.swift */; };
		5CB325652E426F09D044164C /* ModelController.swift in Sources */ = {isa = PBXBuildFile; fileRef = 5CB32E4550EB04FC70B1A0C5 /* ModelController.swift */; };
		5CB326562C9DC77BF951E971 /* Images.xcassets in Resources */ = {isa = PBXBuildFile; fileRef = 5CB32F0B487BC8B4EF3696EA /* Images.xcassets */; };
		5CB328E6B4270271630DBF55 /* Partners_iOSTests.swift in Sources */ = {isa = PBXBuildFile; fileRef = 5CB321B339C684A80AC244DC /* Partners_iOSTests.swift */; };
		5CB32A1EECF540CF0B5DEF0E /* RootViewController.swift in Sources */ = {isa = PBXBuildFile; fileRef = 5CB32EBEA363A25D48AF17C3 /* RootViewController.swift */; };
		5CB32CD97371C0E0A7FD0C26 /* LaunchScreen.xib in Resources */ = {isa = PBXBuildFile; fileRef = 5CB32805F93E38BEE58651FC /* LaunchScreen.xib */; };
/* End PBXBuildFile section */

/* Begin PBXContainerItemProxy section */
		5CB32CA55B03B80E52F0A3FE /* PBXContainerItemProxy */ = {
			isa = PBXContainerItemProxy;
			containerPortal = 5CB3210E9FD99FBA52D854AB /* Project object */;
			proxyType = 1;
			remoteGlobalIDString = 5CB32196D7F6824B0AA66E39;
			remoteInfo = Partners_iOS;
		};
/* End PBXContainerItemProxy section */

/* Begin PBXFileReference section */
		5CB321B339C684A80AC244DC /* Partners_iOSTests.swift */ = {isa = PBXFileReference; lastKnownFileType = sourcecode.swift; path = Partners_iOSTests.swift; sourceTree = "<group>"; };
		5CB321BFFF71D36ED634BC3C /* Partners_iOSTests.xctest */ = {isa = PBXFileReference; explicitFileType = wrapper.cfbundle; includeInIndex = 0; path = Partners_iOSTests.xctest; sourceTree = BUILT_PRODUCTS_DIR; };
		5CB3226A1B5DFCFCD2357C0E /* Base */ = {isa = PBXFileReference; lastKnownFileType = file.xib; name = Base; path = Base.lproj/LaunchScreen.xib; sourceTree = "<group>"; };
		5CB322B0D4405E31ED73DF64 /* Info.plist */ = {isa = PBXFileReference; lastKnownFileType = text.plist.info; path = Info.plist; sourceTree = "<group>"; };
		5CB322E76546ABB00F66974C /* AppDelegate.swift */ = {isa = PBXFileReference; lastKnownFileType = sourcecode.swift; path = AppDelegate.swift; sourceTree = "<group>"; };
		5CB32709DE2940BC4BB205ED /* Partners_iOS.app */ = {isa = PBXFileReference; explicitFileType = wrapper.application; includeInIndex = 0; path = Partners_iOS.app; sourceTree = BUILT_PRODUCTS_DIR; };
		5CB3296A7E43A05EA4E3F0DE /* Base */ = {isa = PBXFileReference; lastKnownFileType = file.storyboard; name = Base; path = Base.lproj/Main.storyboard; sourceTree = "<group>"; };
		5CB32BB70646DFCFC1F6713C /* DataViewController.swift */ = {isa = PBXFileReference; lastKnownFileType = sourcecode.swift; path = DataViewController.swift; sourceTree = "<group>"; };
		5CB32D029A25A7317D33F145 /* Info.plist */ = {isa = PBXFileReference; lastKnownFileType = text.plist.info; path = Info.plist; sourceTree = "<group>"; };
		5CB32E4550EB04FC70B1A0C5 /* ModelController.swift */ = {isa = PBXFileReference; lastKnownFileType = sourcecode.swift; path = ModelController.swift; sourceTree = "<group>"; };
		5CB32EBEA363A25D48AF17C3 /* RootViewController.swift */ = {isa = PBXFileReference; lastKnownFileType = sourcecode.swift; path = RootViewController.swift; sourceTree = "<group>"; };
		5CB32F0B487BC8B4EF3696EA /* Images.xcassets */ = {isa = PBXFileReference; lastKnownFileType = folder.assetcatalog; path = Images.xcassets; sourceTree = "<group>"; };
/* End PBXFileReference section */

/* Begin PBXFrameworksBuildPhase section */
		5CB3229755E1F9916820C6DA /* Frameworks */ = {
			isa = PBXFrameworksBuildPhase;
			buildActionMask = 2147483647;
			files = (
			);
			runOnlyForDeploymentPostprocessing = 0;
		};
		5CB322CD57625701487D7056 /* Frameworks */ = {
			isa = PBXFrameworksBuildPhase;
			buildActionMask = 2147483647;
			files = (
			);
			runOnlyForDeploymentPostprocessing = 0;
		};
/* End PBXFrameworksBuildPhase section */

/* Begin PBXGroup section */
		5CB322128A4A9CCA522C6BEC /* Products */ = {
			isa = PBXGroup;
			children = (
				5CB32709DE2940BC4BB205ED /* Partners_iOS.app */,
				5CB321BFFF71D36ED634BC3C /* Partners_iOSTests.xctest */,
			);
			name = Products;
			sourceTree = "<group>";
		};
		5CB322B71E259E5B5E4BDC2A /* Partners_iOS */ = {
			isa = PBXGroup;
			children = (
				5CB327F95B51734592E7DF7A /* Supporting Files */,
				5CB32F0B487BC8B4EF3696EA /* Images.xcassets */,
				5CB32805F93E38BEE58651FC /* LaunchScreen.xib */,
				5CB322E76546ABB00F66974C /* AppDelegate.swift */,
				5CB32AB4279CCD80E872251F /* Main.storyboard */,
				5CB32EBEA363A25D48AF17C3 /* RootViewController.swift */,
				5CB32BB70646DFCFC1F6713C /* DataViewController.swift */,
				5CB32E4550EB04FC70B1A0C5 /* ModelController.swift */,
			);
			path = Partners_iOS;
			sourceTree = "<group>";
		};
		5CB327F95B51734592E7DF7A /* Supporting Files */ = {
			isa = PBXGroup;
			children = (
				5CB322B0D4405E31ED73DF64 /* Info.plist */,
			);
			name = "Supporting Files";
			sourceTree = "<group>";
		};
		5CB328A6B61F9B3A38F869C9 /* Partners_iOSTests */ = {
			isa = PBXGroup;
			children = (
				5CB32E61C57FFE82EB818A79 /* Supporting Files */,
				5CB321B339C684A80AC244DC /* Partners_iOSTests.swift */,
			);
			path = Partners_iOSTests;
			sourceTree = "<group>";
		};
		5CB32B30555F8C716569FAAB = {
			isa = PBXGroup;
			children = (
				5CB322128A4A9CCA522C6BEC /* Products */,
				5CB322B71E259E5B5E4BDC2A /* Partners_iOS */,
				5CB328A6B61F9B3A38F869C9 /* Partners_iOSTests */,
			);
			sourceTree = "<group>";
		};
		5CB32E61C57FFE82EB818A79 /* Supporting Files */ = {
			isa = PBXGroup;
			children = (
				5CB32D029A25A7317D33F145 /* Info.plist */,
			);
			name = "Supporting Files";
			sourceTree = "<group>";
		};
/* End PBXGroup section */

/* Begin PBXNativeTarget section */
		5CB32196D7F6824B0AA66E39 /* Partners_iOS */ = {
			isa = PBXNativeTarget;
			buildConfigurationList = 5CB3249FB4C556654DDEBE91 /* Build configuration list for PBXNativeTarget "Partners_iOS" */;
			buildPhases = (
				5CB329BC889FEBECBBF0908F /* Sources */,
				5CB322CD57625701487D7056 /* Frameworks */,
				5CB32FAD7EB03BAF7F4CF40B /* Resources */,
			);
			buildRules = (
			);
			dependencies = (
			);
			name = Partners_iOS;
			productName = Partners_iOS;
			productReference = 5CB32709DE2940BC4BB205ED /* Partners_iOS.app */;
			productType = "com.apple.product-type.application";
		};
		5CB3261FED89C868CA7779D0 /* Partners_iOSTests */ = {
			isa = PBXNativeTarget;
			buildConfigurationList = 5CB3298ACF4E8D37E2EA1016 /* Build configuration list for PBXNativeTarget "Partners_iOSTests" */;
			buildPhases = (
				5CB32EC205DF44146637A389 /* Sources */,
				5CB3229755E1F9916820C6DA /* Frameworks */,
				5CB32019D3F301C56534038A /* Resources */,
			);
			buildRules = (
			);
			dependencies = (
				5CB32CAE5E5443B87FA206F2 /* PBXTargetDependency */,
			);
			name = Partners_iOSTests;
			productName = Partners_iOSTests;
			productReference = 5CB321BFFF71D36ED634BC3C /* Partners_iOSTests.xctest */;
			productType = "com.apple.product-type.bundle.unit-test";
		};
/* End PBXNativeTarget section */

/* Begin PBXProject section */
		5CB3210E9FD99FBA52D854AB /* Project object */ = {
			isa = PBXProject;
			attributes = {
				ORGANIZATIONNAME = "Joseph Roque";
			};
			buildConfigurationList = 5CB322366E777EA48AA72855 /* Build configuration list for PBXProject "Partners_iOS" */;
			compatibilityVersion = "Xcode 3.2";
			developmentRegion = English;
			hasScannedForEncodings = 0;
			knownRegions = (
				en,
			);
			mainGroup = 5CB32B30555F8C716569FAAB;
			productRefGroup = 5CB322128A4A9CCA522C6BEC /* Products */;
			projectDirPath = "";
			projectRoot = "";
			targets = (
				5CB32196D7F6824B0AA66E39 /* Partners_iOS */,
				5CB3261FED89C868CA7779D0 /* Partners_iOSTests */,
			);
		};
/* End PBXProject section */

/* Begin PBXResourcesBuildPhase section */
		5CB32019D3F301C56534038A /* Resources */ = {
			isa = PBXResourcesBuildPhase;
			buildActionMask = 2147483647;
			files = (
			);
			runOnlyForDeploymentPostprocessing = 0;
		};
		5CB32FAD7EB03BAF7F4CF40B /* Resources */ = {
			isa = PBXResourcesBuildPhase;
			buildActionMask = 2147483647;
			files = (
				5CB326562C9DC77BF951E971 /* Images.xcassets in Resources */,
				5CB32CD97371C0E0A7FD0C26 /* LaunchScreen.xib in Resources */,
				5CB324ADE68586EB5B004338 /* Main.storyboard in Resources */,
			);
			runOnlyForDeploymentPostprocessing = 0;
		};
/* End PBXResourcesBuildPhase section */

/* Begin PBXSourcesBuildPhase section */
		5CB329BC889FEBECBBF0908F /* Sources */ = {
			isa = PBXSourcesBuildPhase;
			buildActionMask = 2147483647;
			files = (
				5CB3254475692437CA4350AD /* AppDelegate.swift in Sources */,
				5CB32A1EECF540CF0B5DEF0E /* RootViewController.swift in Sources */,
				5CB321B816F81AADD2BD7BEF /* DataViewController.swift in Sources */,
				5CB325652E426F09D044164C /* ModelController.swift in Sources */,
			);
			runOnlyForDeploymentPostprocessing = 0;
		};
		5CB32EC205DF44146637A389 /* Sources */ = {
			isa = PBXSourcesBuildPhase;
			buildActionMask = 2147483647;
			files = (
				5CB328E6B4270271630DBF55 /* Partners_iOSTests.swift in Sources */,
			);
			runOnlyForDeploymentPostprocessing = 0;
		};
/* End PBXSourcesBuildPhase section */

/* Begin PBXTargetDependency section */
		5CB32CAE5E5443B87FA206F2 /* PBXTargetDependency */ = {
			isa = PBXTargetDependency;
			target = 5CB32196D7F6824B0AA66E39 /* Partners_iOS */;
			targetProxy = 5CB32CA55B03B80E52F0A3FE /* PBXContainerItemProxy */;
		};
/* End PBXTargetDependency section */

/* Begin PBXVariantGroup section */
		5CB32805F93E38BEE58651FC /* LaunchScreen.xib */ = {
			isa = PBXVariantGroup;
			children = (
				5CB3226A1B5DFCFCD2357C0E /* Base */,
			);
			name = LaunchScreen.xib;
			sourceTree = "<group>";
		};
		5CB32AB4279CCD80E872251F /* Main.storyboard */ = {
			isa = PBXVariantGroup;
			children = (
				5CB3296A7E43A05EA4E3F0DE /* Base */,
			);
			name = Main.storyboard;
			sourceTree = "<group>";
		};
/* End PBXVariantGroup section */

/* Begin XCBuildConfiguration section */
		5CB320DF9D32A412B2C70726 /* Release */ = {
			isa = XCBuildConfiguration;
			buildSettings = {
				ASSETCATALOG_COMPILER_APPICON_NAME = AppIcon;
				INFOPLIST_FILE = Partners_iOS/Info.plist;
				LD_RUNPATH_SEARCH_PATHS = "$(inherited) @executable_path/Frameworks";
				PRODUCT_NAME = "$(TARGET_NAME)";
			};
			name = Release;
		};
		5CB32476360FEAC9472BE2BF /* Debug */ = {
			isa = XCBuildConfiguration;
			buildSettings = {
				ALWAYS_SEARCH_USER_PATHS = NO;
				CLANG_CXX_LANGUAGE_STANDARD = "gnu++0x";
				CLANG_CXX_LIBRARY = "libc++";
				CLANG_ENABLE_MODULES = YES;
				CLANG_ENABLE_OBJC_ARC = YES;
				CLANG_WARN_BOOL_CONVERSION = YES;
				CLANG_WARN_CONSTANT_CONVERSION = YES;
				CLANG_WARN_DIRECT_OBJC_ISA_USAGE = YES_ERROR;
				CLANG_WARN_EMPTY_BODY = YES;
				CLANG_WARN_ENUM_CONVERSION = YES;
				CLANG_WARN_INT_CONVERSION = YES;
				CLANG_WARN_OBJC_ROOT_CLASS = YES_ERROR;
				CLANG_WARN_UNREACHABLE_CODE = YES;
				CLANG_WARN__DUPLICATE_METHOD_MATCH = YES;
				"CODE_SIGN_IDENTITY[sdk=iphoneos*]" = "iPhone Developer";
				COPY_PHASE_STRIP = NO;
				DEBUG_INFORMATION_FORMAT = "dwarf-with-dsym";
				ENABLE_STRICT_OBJC_MSGSEND = YES;
				GCC_C_LANGUAGE_STANDARD = gnu99;
				GCC_DYNAMIC_NO_PIC = NO;
				GCC_NO_COMMON_BLOCKS = YES;
				GCC_OPTIMIZATION_LEVEL = 0;
				GCC_PREPROCESSOR_DEFINITIONS = (
					"DEBUG=1",
					"$(inherited)",
				);
				GCC_SYMBOLS_PRIVATE_EXTERN = NO;
				GCC_WARN_64_TO_32_BIT_CONVERSION = YES;
				GCC_WARN_ABOUT_RETURN_TYPE = YES_ERROR;
				GCC_WARN_UNDECLARED_SELECTOR = YES;
				GCC_WARN_UNINITIALIZED_AUTOS = YES_AGGRESSIVE;
				GCC_WARN_UNUSED_FUNCTION = YES;
				GCC_WARN_UNUSED_VARIABLE = YES;
				IPHONEOS_DEPLOYMENT_TARGET = 8.4;
				MTL_ENABLE_DEBUG_INFO = YES;
				ONLY_ACTIVE_ARCH = YES;
				SDKROOT = iphoneos;
				SWIFT_OPTIMIZATION_LEVEL = "-Onone";
				TARGETED_DEVICE_FAMILY = "1,2";
			};
			name = Debug;
		};
		5CB328B63C1437EC465509C6 /* Debug */ = {
			isa = XCBuildConfiguration;
			buildSettings = {
				BUNDLE_LOADER = "$(BUILT_PRODUCTS_DIR)/Partners_iOS.app/Partners_iOS";
				FRAMEWORK_SEARCH_PATHS = (
					"$(SDKROOT)/Developer/Library/Frameworks",
					"$(inherited)",
				);
				INFOPLIST_FILE = Partners_iOSTests/Info.plist;
				LD_RUNPATH_SEARCH_PATHS = "$(inherited) @executable_path/Frameworks @loader_path/Frameworks";
				PRODUCT_NAME = "$(TARGET_NAME)";
				TEST_HOST = "$(BUNDLE_LOADER)";
			};
			name = Debug;
		};
		5CB32A8539A185DC53350FBF /* Release */ = {
			isa = XCBuildConfiguration;
			buildSettings = {
				ALWAYS_SEARCH_USER_PATHS = NO;
				CLANG_CXX_LANGUAGE_STANDARD = "gnu++0x";
				CLANG_CXX_LIBRARY = "libc++";
				CLANG_ENABLE_MODULES = YES;
				CLANG_ENABLE_OBJC_ARC = YES;
				CLANG_WARN_BOOL_CONVERSION = YES;
				CLANG_WARN_CONSTANT_CONVERSION = YES;
				CLANG_WARN_DIRECT_OBJC_ISA_USAGE = YES_ERROR;
				CLANG_WARN_EMPTY_BODY = YES;
				CLANG_WARN_ENUM_CONVERSION = YES;
				CLANG_WARN_INT_CONVERSION = YES;
				CLANG_WARN_OBJC_ROOT_CLASS = YES_ERROR;
				CLANG_WARN_UNREACHABLE_CODE = YES;
				CLANG_WARN__DUPLICATE_METHOD_MATCH = YES;
				"CODE_SIGN_IDENTITY[sdk=iphoneos*]" = "iPhone Developer";
				COPY_PHASE_STRIP = NO;
				DEBUG_INFORMATION_FORMAT = "dwarf-with-dsym";
				ENABLE_NS_ASSERTIONS = NO;
				ENABLE_STRICT_OBJC_MSGSEND = YES;
				GCC_C_LANGUAGE_STANDARD = gnu99;
				GCC_NO_COMMON_BLOCKS = YES;
				GCC_WARN_64_TO_32_BIT_CONVERSION = YES;
				GCC_WARN_ABOUT_RETURN_TYPE = YES_ERROR;
				GCC_WARN_UNDECLARED_SELECTOR = YES;
				GCC_WARN_UNINITIALIZED_AUTOS = YES_AGGRESSIVE;
				GCC_WARN_UNUSED_FUNCTION = YES;
				GCC_WARN_UNUSED_VARIABLE = YES;
				IPHONEOS_DEPLOYMENT_TARGET = 8.4;
				MTL_ENABLE_DEBUG_INFO = NO;
				SDKROOT = iphoneos;
				TARGETED_DEVICE_FAMILY = "1,2";
				VALIDATE_PRODUCT = YES;
			};
			name = Release;
		};
		5CB32B5E246EE48477D98A4B /* Release */ = {
			isa = XCBuildConfiguration;
			buildSettings = {
				BUNDLE_LOADER = "$(BUILT_PRODUCTS_DIR)/Partners_iOS.app/Partners_iOS";
				FRAMEWORK_SEARCH_PATHS = (
					"$(SDKROOT)/Developer/Library/Frameworks",
					"$(inherited)",
				);
				INFOPLIST_FILE = Partners_iOSTests/Info.plist;
				LD_RUNPATH_SEARCH_PATHS = "$(inherited) @executable_path/Frameworks @loader_path/Frameworks";
				PRODUCT_NAME = "$(TARGET_NAME)";
				TEST_HOST = "$(BUNDLE_LOADER)";
			};
			name = Release;
		};
		5CB32F5BBBD4E79A1EA38C10 /* Debug */ = {
			isa = XCBuildConfiguration;
			buildSettings = {
				ASSETCATALOG_COMPILER_APPICON_NAME = AppIcon;
				INFOPLIST_FILE = Partners_iOS/Info.plist;
				LD_RUNPATH_SEARCH_PATHS = "$(inherited) @executable_path/Frameworks";
				PRODUCT_NAME = "$(TARGET_NAME)";
			};
			name = Debug;
		};
/* End XCBuildConfiguration section */

/* Begin XCConfigurationList section */
		5CB322366E777EA48AA72855 /* Build configuration list for PBXProject "Partners_iOS" */ = {
			isa = XCConfigurationList;
			buildConfigurations = (
				5CB32476360FEAC9472BE2BF /* Debug */,
				5CB32A8539A185DC53350FBF /* Release */,
			);
			defaultConfigurationIsVisible = 0;
			defaultConfigurationName = Release;
		};
		5CB3249FB4C556654DDEBE91 /* Build configuration list for PBXNativeTarget "Partners_iOS" */ = {
			isa = XCConfigurationList;
			buildConfigurations = (
				5CB32F5BBBD4E79A1EA38C10 /* Debug */,
				5CB320DF9D32A412B2C70726 /* Release */,
			);
			defaultConfigurationIsVisible = 0;
		};
		5CB3298ACF4E8D37E2EA1016 /* Build configuration list for PBXNativeTarget "Partners_iOSTests" */ = {
			isa = XCConfigurationList;
			buildConfigurations = (
				5CB328B63C1437EC465509C6 /* Debug */,
				5CB32B5E246EE48477D98A4B /* Release */,
			);
			defaultConfigurationIsVisible = 0;
		};
/* End XCConfigurationList section */
	};
	rootObject = 5CB3210E9FD99FBA52D854AB /* Project object */;
}
